
Microsoft Visual Studio Solution File, Format Version 12.00
Project("{FAE04EC0-301F-11D3-BF4B-00C04F79EFBC}") = "ReTicket.MVC", "ReTicket.MVC\ReTicket.MVC.csproj", "{2F9CD5D2-4B06-4BFC-A8C2-67E31F8B5715}"
EndProject
Project("{FAE04EC0-301F-11D3-BF4B-00C04F79EFBC}") = "ReTicket.API", "ReTicket.API\ReTicket.API.csproj", "{54DBF73A-CAF3-462C-A6F0-66E5A4E15CE6}"
EndProject
Project("{FAE04EC0-301F-11D3-BF4B-00C04F79EFBC}") = "ReTicket.Domain", "ReTicket.Domain\ReTicket.Domain.csproj", "{084FCB1A-E1ED-4DAB-BEB5-71B9CC57A78C}"
EndProject
Project("{FAE04EC0-301F-11D3-BF4B-00C04F79EFBC}") = "ReTicket.Application", "ReTicket.Application\ReTicket.Application.csproj", "{14158907-3607-4926-A044-C01A104D5B79}"
EndProject
Project("{FAE04EC0-301F-11D3-BF4B-00C04F79EFBC}") = "ReTicket.Infrastructure", "ReTicket.Infrastructure\ReTicket.Infrastructure.csproj", "{B6FB0D27-2E73-4F6E-A38A-FE90C60E8182}"
EndProject
Project("{FAE04EC0-301F-11D3-BF4B-00C04F79EFBC}") = "ReTicket.Persistence", "ReTicket.Persistence\ReTicket.Persistence.csproj", "{CD6F6087-CCB7-4DCF-B2B6-FDE328859EF5}"
EndProject
Project("{2150E333-8FDC-42A3-9474-1A3956D46DE8}") = "Core", "Core", "{8FB732BC-D7F9-42D8-B772-E3385601DEB3}"
EndProject
Project("{2150E333-8FDC-42A3-9474-1A3956D46DE8}") = "Infrastructure", "Infrastructure", "{5B8C7DD5-9B9B-4B46-9C92-24749A20D1BE}"
EndProject
Project("{2150E333-8FDC-42A3-9474-1A3956D46DE8}") = "Presentation", "Presentation", "{3BE6677C-0F68-4867-BE13-79C03061616E}"
EndProject
Global
	GlobalSection(SolutionConfigurationPlatforms) = preSolution
		Debug|Any CPU = Debug|Any CPU
		Release|Any CPU = Release|Any CPU
	EndGlobalSection
	GlobalSection(ProjectConfigurationPlatforms) = postSolution
		{2F9CD5D2-4B06-4BFC-A8C2-67E31F8B5715}.Debug|Any CPU.ActiveCfg = Debug|Any CPU
		{2F9CD5D2-4B06-4BFC-A8C2-67E31F8B5715}.Debug|Any CPU.Build.0 = Debug|Any CPU
		{2F9CD5D2-4B06-4BFC-A8C2-67E31F8B5715}.Release|Any CPU.ActiveCfg = Release|Any CPU
		{2F9CD5D2-4B06-4BFC-A8C2-67E31F8B5715}.Release|Any CPU.Build.0 = Release|Any CPU
		{54DBF73A-CAF3-462C-A6F0-66E5A4E15CE6}.Debug|Any CPU.ActiveCfg = Debug|Any CPU
		{54DBF73A-CAF3-462C-A6F0-66E5A4E15CE6}.Debug|Any CPU.Build.0 = Debug|Any CPU
		{54DBF73A-CAF3-462C-A6F0-66E5A4E15CE6}.Release|Any CPU.ActiveCfg = Release|Any CPU
		{54DBF73A-CAF3-462C-A6F0-66E5A4E15CE6}.Release|Any CPU.Build.0 = Release|Any CPU
		{084FCB1A-E1ED-4DAB-BEB5-71B9CC57A78C}.Debug|Any CPU.ActiveCfg = Debug|Any CPU
		{084FCB1A-E1ED-4DAB-BEB5-71B9CC57A78C}.Debug|Any CPU.Build.0 = Debug|Any CPU
		{084FCB1A-E1ED-4DAB-BEB5-71B9CC57A78C}.Release|Any CPU.ActiveCfg = Release|Any CPU
		{084FCB1A-E1ED-4DAB-BEB5-71B9CC57A78C}.Release|Any CPU.Build.0 = Release|Any CPU
		{14158907-3607-4926-A044-C01A104D5B79}.Debug|Any CPU.ActiveCfg = Debug|Any CPU
		{14158907-3607-4926-A044-C01A104D5B79}.Debug|Any CPU.Build.0 = Debug|Any CPU
		{14158907-3607-4926-A044-C01A104D5B79}.Release|Any CPU.ActiveCfg = Release|Any CPU
		{14158907-3607-4926-A044-C01A104D5B79}.Release|Any CPU.Build.0 = Release|Any CPU
		{B6FB0D27-2E73-4F6E-A38A-FE90C60E8182}.Debug|Any CPU.ActiveCfg = Debug|Any CPU
		{B6FB0D27-2E73-4F6E-A38A-FE90C60E8182}.Debug|Any CPU.Build.0 = Debug|Any CPU
		{B6FB0D27-2E73-4F6E-A38A-FE90C60E8182}.Release|Any CPU.ActiveCfg = Release|Any CPU
		{B6FB0D27-2E73-4F6E-A38A-FE90C60E8182}.Release|Any CPU.Build.0 = Release|Any CPU
		{CD6F6087-CCB7-4DCF-B2B6-FDE328859EF5}.Debug|Any CPU.ActiveCfg = Debug|Any CPU
		{CD6F6087-CCB7-4DCF-B2B6-FDE328859EF5}.Debug|Any CPU.Build.0 = Debug|Any CPU
		{CD6F6087-CCB7-4DCF-B2B6-FDE328859EF5}.Release|Any CPU.ActiveCfg = Release|Any CPU
		{CD6F6087-CCB7-4DCF-B2B6-FDE328859EF5}.Release|Any CPU.Build.0 = Release|Any CPU
	EndGlobalSection
	GlobalSection(NestedProjects) = preSolution
		{14158907-3607-4926-A044-C01A104D5B79} = {8FB732BC-D7F9-42D8-B772-E3385601DEB3}
		{084FCB1A-E1ED-4DAB-BEB5-71B9CC57A78C} = {8FB732BC-D7F9-42D8-B772-E3385601DEB3}
		{B6FB0D27-2E73-4F6E-A38A-FE90C60E8182} = {5B8C7DD5-9B9B-4B46-9C92-24749A20D1BE}
		{CD6F6087-CCB7-4DCF-B2B6-FDE328859EF5} = {5B8C7DD5-9B9B-4B46-9C92-24749A20D1BE}
		{54DBF73A-CAF3-462C-A6F0-66E5A4E15CE6} = {3BE6677C-0F68-4867-BE13-79C03061616E}
		{2F9CD5D2-4B06-4BFC-A8C2-67E31F8B5715} = {3BE6677C-0F68-4867-BE13-79C03061616E}
	EndGlobalSection
EndGlobal
